// !$*UTF8*$!
{
	archiveVersion = 1;
	classes = {
	};
	objectVersion = 46;
	objects = {

/* Begin PBXBuildFile section */
		E71886F41DC7661A00DFABA6 /* KCGlyphListOutlineViewHandler.m in Sources */ = {isa = PBXBuildFile; fileRef = E71886F31DC7661A00DFABA6 /* KCGlyphListOutlineViewHandler.m */; };
		E718870A1DC8495500DFABA6 /* KCKerningPair.m in Sources */ = {isa = PBXBuildFile; fileRef = E71887091DC8495500DFABA6 /* KCKerningPair.m */; };
		E735E5DB2A170F2C007DBC3E /* KCKerningOutlineViewHandler.m in Sources */ = {isa = PBXBuildFile; fileRef = E7CCE85D1DC753EF00C31BEF /* KCKerningOutlineViewHandler.m */; };
		E735E5DC2A170F2C007DBC3E /* KCFontMasterStore.m in Sources */ = {isa = PBXBuildFile; fileRef = E797B9F41E0A251D00AF08E1 /* KCFontMasterStore.m */; };
		E735E5DD2A170F2C007DBC3E /* KCKerningPair.m in Sources */ = {isa = PBXBuildFile; fileRef = E71887091DC8495500DFABA6 /* KCKerningPair.m */; };
		E735E5DE2A170F2C007DBC3E /* KerningClassesPlugin.m in Sources */ = {isa = PBXBuildFile; fileRef = E7CCE8431DC7424900C31BEF /* KerningClassesPlugin.m */; };
		E735E5DF2A170F2C007DBC3E /* KCWindowController.m in Sources */ = {isa = PBXBuildFile; fileRef = E7CCE8511DC7432400C31BEF /* KCWindowController.m */; };
		E735E5E02A170F2C007DBC3E /* KCKerningEntry.m in Sources */ = {isa = PBXBuildFile; fileRef = E7CCE8541DC7442700C31BEF /* KCKerningEntry.m */; };
		E735E5E12A170F2C007DBC3E /* KCKerningEntries.m in Sources */ = {isa = PBXBuildFile; fileRef = E7CCE8601DC759E600C31BEF /* KCKerningEntries.m */; };
		E735E5E22A170F2C007DBC3E /* RSJumpBarButton.m in Sources */ = {isa = PBXBuildFile; fileRef = E797B9E61E0A126600AF08E1 /* RSJumpBarButton.m */; };
		E735E5E32A170F2C007DBC3E /* RSJumpBarItem.m in Sources */ = {isa = PBXBuildFile; fileRef = E797B9EA1E0A126600AF08E1 /* RSJumpBarItem.m */; };
		E735E5E42A170F2C007DBC3E /* KCGlyphListOutlineViewHandler.m in Sources */ = {isa = PBXBuildFile; fileRef = E71886F31DC7661A00DFABA6 /* KCGlyphListOutlineViewHandler.m */; };
		E735E5E52A170F2C007DBC3E /* KCKerningGroups.mm in Sources */ = {isa = PBXBuildFile; fileRef = E7B895B61E0E5442009357CE /* KCKerningGroups.mm */; };
		E735E5E62A170F2C007DBC3E /* KCUserDefinedColors.m in Sources */ = {isa = PBXBuildFile; fileRef = E7D0D5131E27388C0074E78B /* KCUserDefinedColors.m */; };
		E735E5E72A170F2C007DBC3E /* KCJumpBar.m in Sources */ = {isa = PBXBuildFile; fileRef = E797B9F11E0A23F100AF08E1 /* KCJumpBar.m */; };
		E735E5E82A170F2C007DBC3E /* KCOutlineView.m in Sources */ = {isa = PBXBuildFile; fileRef = E7CCE8561DC7442700C31BEF /* KCOutlineView.m */; };
		E735E5E92A170F2C007DBC3E /* RSJumpBar.m in Sources */ = {isa = PBXBuildFile; fileRef = E797B9E41E0A126600AF08E1 /* RSJumpBar.m */; };
		E735E5EB2A170F2C007DBC3E /* Cocoa.framework in Frameworks */ = {isa = PBXBuildFile; fileRef = E7CCE83B1DC7424900C31BEF /* Cocoa.framework */; };
		E735E5EE2A170F2C007DBC3E /* RSJumpBarChevron@2x.png in Resources */ = {isa = PBXBuildFile; fileRef = E797B9E81E0A126600AF08E1 /* RSJumpBarChevron@2x.png */; };
		E735E5EF2A170F2C007DBC3E /* RSJumpBarChevron.png in Resources */ = {isa = PBXBuildFile; fileRef = E797B9E71E0A126600AF08E1 /* RSJumpBarChevron.png */; };
		E735E5F02A170F2C007DBC3E /* GSFontMasterIcon@2x.png in Resources */ = {isa = PBXBuildFile; fileRef = E797B9FE1E0A5B5F00AF08E1 /* GSFontMasterIcon@2x.png */; };
		E735E5F12A170F2C007DBC3E /* GSFontIcon.png in Resources */ = {isa = PBXBuildFile; fileRef = E797B9F81E0A455900AF08E1 /* GSFontIcon.png */; };
		E735E5F22A170F2C007DBC3E /* GSFontMasterIcon.png in Resources */ = {isa = PBXBuildFile; fileRef = E797B9FD1E0A5B5F00AF08E1 /* GSFontMasterIcon.png */; };
		E735E5F32A170F2C007DBC3E /* Colors.json in Resources */ = {isa = PBXBuildFile; fileRef = E7D0D5151E2748E60074E78B /* Colors.json */; };
		E735E5F42A170F2C007DBC3E /* GSFontIcon@2x.png in Resources */ = {isa = PBXBuildFile; fileRef = E797B9F91E0A455900AF08E1 /* GSFontIcon@2x.png */; };
		E735E5F52A170F2C007DBC3E /* KCWindowController.xib in Resources */ = {isa = PBXBuildFile; fileRef = E7CCE84E1DC7430200C31BEF /* KCWindowController.xib */; };
		E735E5FF2A170FF5007DBC3E /* GlyphsCore.framework in Frameworks */ = {isa = PBXBuildFile; fileRef = E735E5FE2A170FF4007DBC3E /* GlyphsCore.framework */; };
		E797B9EB1E0A126600AF08E1 /* RSJumpBar.m in Sources */ = {isa = PBXBuildFile; fileRef = E797B9E41E0A126600AF08E1 /* RSJumpBar.m */; };
		E797B9EC1E0A126600AF08E1 /* RSJumpBarButton.m in Sources */ = {isa = PBXBuildFile; fileRef = E797B9E61E0A126600AF08E1 /* RSJumpBarButton.m */; };
		E797B9ED1E0A126600AF08E1 /* RSJumpBarChevron.png in Resources */ = {isa = PBXBuildFile; fileRef = E797B9E71E0A126600AF08E1 /* RSJumpBarChevron.png */; };
		E797B9EE1E0A126600AF08E1 /* RSJumpBarChevron@2x.png in Resources */ = {isa = PBXBuildFile; fileRef = E797B9E81E0A126600AF08E1 /* RSJumpBarChevron@2x.png */; };
		E797B9EF1E0A126600AF08E1 /* RSJumpBarItem.m in Sources */ = {isa = PBXBuildFile; fileRef = E797B9EA1E0A126600AF08E1 /* RSJumpBarItem.m */; };
		E797B9F21E0A23F100AF08E1 /* KCJumpBar.m in Sources */ = {isa = PBXBuildFile; fileRef = E797B9F11E0A23F100AF08E1 /* KCJumpBar.m */; };
		E797B9F51E0A251D00AF08E1 /* KCFontMasterStore.m in Sources */ = {isa = PBXBuildFile; fileRef = E797B9F41E0A251D00AF08E1 /* KCFontMasterStore.m */; };
		E797B9FA1E0A455900AF08E1 /* GSFontIcon.png in Resources */ = {isa = PBXBuildFile; fileRef = E797B9F81E0A455900AF08E1 /* GSFontIcon.png */; };
		E797B9FB1E0A455900AF08E1 /* GSFontIcon@2x.png in Resources */ = {isa = PBXBuildFile; fileRef = E797B9F91E0A455900AF08E1 /* GSFontIcon@2x.png */; };
		E797B9FF1E0A5B5F00AF08E1 /* GSFontMasterIcon.png in Resources */ = {isa = PBXBuildFile; fileRef = E797B9FD1E0A5B5F00AF08E1 /* GSFontMasterIcon.png */; };
		E797BA001E0A5B5F00AF08E1 /* GSFontMasterIcon@2x.png in Resources */ = {isa = PBXBuildFile; fileRef = E797B9FE1E0A5B5F00AF08E1 /* GSFontMasterIcon@2x.png */; };
		E797BA011E0A603200AF08E1 /* GlyphsCore.framework in Frameworks */ = {isa = PBXBuildFile; fileRef = E7CCE8461DC7424900C31BEF /* GlyphsCore.framework */; };
		E7B895B71E0E5442009357CE /* KCKerningGroups.mm in Sources */ = {isa = PBXBuildFile; fileRef = E7B895B61E0E5442009357CE /* KCKerningGroups.mm */; };
		E7CCE83C1DC7424900C31BEF /* Cocoa.framework in Frameworks */ = {isa = PBXBuildFile; fileRef = E7CCE83B1DC7424900C31BEF /* Cocoa.framework */; };
		E7CCE8441DC7424900C31BEF /* KerningClassesPlugin.m in Sources */ = {isa = PBXBuildFile; fileRef = E7CCE8431DC7424900C31BEF /* KerningClassesPlugin.m */; };
		E7CCE84F1DC7430200C31BEF /* KCWindowController.xib in Resources */ = {isa = PBXBuildFile; fileRef = E7CCE84E1DC7430200C31BEF /* KCWindowController.xib */; };
		E7CCE8521DC7432400C31BEF /* KCWindowController.m in Sources */ = {isa = PBXBuildFile; fileRef = E7CCE8511DC7432400C31BEF /* KCWindowController.m */; };
		E7CCE8571DC7442700C31BEF /* KCKerningEntry.m in Sources */ = {isa = PBXBuildFile; fileRef = E7CCE8541DC7442700C31BEF /* KCKerningEntry.m */; };
		E7CCE8581DC7442700C31BEF /* KCOutlineView.m in Sources */ = {isa = PBXBuildFile; fileRef = E7CCE8561DC7442700C31BEF /* KCOutlineView.m */; };
		E7CCE85E1DC753EF00C31BEF /* KCKerningOutlineViewHandler.m in Sources */ = {isa = PBXBuildFile; fileRef = E7CCE85D1DC753EF00C31BEF /* KCKerningOutlineViewHandler.m */; };
		E7CCE8611DC759E600C31BEF /* KCKerningEntries.m in Sources */ = {isa = PBXBuildFile; fileRef = E7CCE8601DC759E600C31BEF /* KCKerningEntries.m */; };
		E7D0D5141E27388C0074E78B /* KCUserDefinedColors.m in Sources */ = {isa = PBXBuildFile; fileRef = E7D0D5131E27388C0074E78B /* KCUserDefinedColors.m */; };
		E7D0D5161E2748E60074E78B /* Colors.json in Resources */ = {isa = PBXBuildFile; fileRef = E7D0D5151E2748E60074E78B /* Colors.json */; };
/* End PBXBuildFile section */

/* Begin PBXFileReference section */
		E71886F21DC7661A00DFABA6 /* KCGlyphListOutlineViewHandler.h */ = {isa = PBXFileReference; fileEncoding = 4; lastKnownFileType = sourcecode.c.h; path = KCGlyphListOutlineViewHandler.h; sourceTree = "<group>"; };
		E71886F31DC7661A00DFABA6 /* KCGlyphListOutlineViewHandler.m */ = {isa = PBXFileReference; fileEncoding = 4; lastKnownFileType = sourcecode.c.objc; path = KCGlyphListOutlineViewHandler.m; sourceTree = "<group>"; };
		E71887081DC8495500DFABA6 /* KCKerningPair.h */ = {isa = PBXFileReference; fileEncoding = 4; lastKnownFileType = sourcecode.c.h; path = KCKerningPair.h; sourceTree = "<group>"; };
		E71887091DC8495500DFABA6 /* KCKerningPair.m */ = {isa = PBXFileReference; fileEncoding = 4; lastKnownFileType = sourcecode.c.objc; path = KCKerningPair.m; sourceTree = "<group>"; };
		E735E5F92A170F2C007DBC3E /* KerningClasses.glyphsPlugin */ = {isa = PBXFileReference; explicitFileType = wrapper.cfbundle; includeInIndex = 0; path = KerningClasses.glyphsPlugin; sourceTree = BUILT_PRODUCTS_DIR; };
		E735E5FE2A170FF4007DBC3E /* GlyphsCore.framework */ = {isa = PBXFileReference; lastKnownFileType = wrapper.framework; name = GlyphsCore.framework; path = "/Applications/Glyphs 3.app/Contents/Frameworks/GlyphsCore.framework"; sourceTree = "<absolute>"; };
		E756CAB91E0A84DF004460C5 /* KCFontMasterStore.h */ = {isa = PBXFileReference; lastKnownFileType = sourcecode.c.h; path = KCFontMasterStore.h; sourceTree = "<group>"; };
		E797B9E31E0A126600AF08E1 /* RSJumpBar.h */ = {isa = PBXFileReference; fileEncoding = 4; lastKnownFileType = sourcecode.c.h; path = RSJumpBar.h; sourceTree = "<group>"; };
		E797B9E41E0A126600AF08E1 /* RSJumpBar.m */ = {isa = PBXFileReference; fileEncoding = 4; lastKnownFileType = sourcecode.c.objc; path = RSJumpBar.m; sourceTree = "<group>"; };
		E797B9E51E0A126600AF08E1 /* RSJumpBarButton.h */ = {isa = PBXFileReference; fileEncoding = 4; lastKnownFileType = sourcecode.c.h; path = RSJumpBarButton.h; sourceTree = "<group>"; };
		E797B9E61E0A126600AF08E1 /* RSJumpBarButton.m */ = {isa = PBXFileReference; fileEncoding = 4; lastKnownFileType = sourcecode.c.objc; path = RSJumpBarButton.m; sourceTree = "<group>"; };
		E797B9E71E0A126600AF08E1 /* RSJumpBarChevron.png */ = {isa = PBXFileReference; lastKnownFileType = image.png; path = RSJumpBarChevron.png; sourceTree = "<group>"; };
		E797B9E81E0A126600AF08E1 /* RSJumpBarChevron@2x.png */ = {isa = PBXFileReference; lastKnownFileType = image.png; path = "RSJumpBarChevron@2x.png"; sourceTree = "<group>"; };
		E797B9E91E0A126600AF08E1 /* RSJumpBarItem.h */ = {isa = PBXFileReference; fileEncoding = 4; lastKnownFileType = sourcecode.c.h; path = RSJumpBarItem.h; sourceTree = "<group>"; };
		E797B9EA1E0A126600AF08E1 /* RSJumpBarItem.m */ = {isa = PBXFileReference; fileEncoding = 4; lastKnownFileType = sourcecode.c.objc; path = RSJumpBarItem.m; sourceTree = "<group>"; };
		E797B9F01E0A23F100AF08E1 /* KCJumpBar.h */ = {isa = PBXFileReference; fileEncoding = 4; lastKnownFileType = sourcecode.c.h; path = KCJumpBar.h; sourceTree = "<group>"; };
		E797B9F11E0A23F100AF08E1 /* KCJumpBar.m */ = {isa = PBXFileReference; fileEncoding = 4; lastKnownFileType = sourcecode.c.objc; path = KCJumpBar.m; sourceTree = "<group>"; };
		E797B9F41E0A251D00AF08E1 /* KCFontMasterStore.m */ = {isa = PBXFileReference; fileEncoding = 4; lastKnownFileType = sourcecode.c.objc; path = KCFontMasterStore.m; sourceTree = "<group>"; };
		E797B9F81E0A455900AF08E1 /* GSFontIcon.png */ = {isa = PBXFileReference; lastKnownFileType = image.png; path = GSFontIcon.png; sourceTree = "<group>"; };
		E797B9F91E0A455900AF08E1 /* GSFontIcon@2x.png */ = {isa = PBXFileReference; lastKnownFileType = image.png; path = "GSFontIcon@2x.png"; sourceTree = "<group>"; };
		E797B9FD1E0A5B5F00AF08E1 /* GSFontMasterIcon.png */ = {isa = PBXFileReference; lastKnownFileType = image.png; path = GSFontMasterIcon.png; sourceTree = "<group>"; };
		E797B9FE1E0A5B5F00AF08E1 /* GSFontMasterIcon@2x.png */ = {isa = PBXFileReference; lastKnownFileType = image.png; path = "GSFontMasterIcon@2x.png"; sourceTree = "<group>"; };
		E7B895B51E0E5442009357CE /* KCKerningGroups.h */ = {isa = PBXFileReference; fileEncoding = 4; lastKnownFileType = sourcecode.c.h; path = KCKerningGroups.h; sourceTree = "<group>"; };
		E7B895B61E0E5442009357CE /* KCKerningGroups.mm */ = {isa = PBXFileReference; fileEncoding = 4; lastKnownFileType = sourcecode.cpp.objcpp; path = KCKerningGroups.mm; sourceTree = "<group>"; };
		E7CCE8381DC7424900C31BEF /* KerningClasses.glyphsPlugin */ = {isa = PBXFileReference; explicitFileType = wrapper.cfbundle; includeInIndex = 0; path = KerningClasses.glyphsPlugin; sourceTree = BUILT_PRODUCTS_DIR; };
		E7CCE83B1DC7424900C31BEF /* Cocoa.framework */ = {isa = PBXFileReference; lastKnownFileType = wrapper.framework; name = Cocoa.framework; path = /System/Library/Frameworks/Cocoa.framework; sourceTree = "<absolute>"; };
		E7CCE8421DC7424900C31BEF /* KerningClassesPlugin.h */ = {isa = PBXFileReference; lastKnownFileType = sourcecode.c.h; path = KerningClassesPlugin.h; sourceTree = "<group>"; };
		E7CCE8431DC7424900C31BEF /* KerningClassesPlugin.m */ = {isa = PBXFileReference; lastKnownFileType = sourcecode.c.objc; path = KerningClassesPlugin.m; sourceTree = "<group>"; };
		E7CCE8461DC7424900C31BEF /* GlyphsCore.framework */ = {isa = PBXFileReference; lastKnownFileType = wrapper.framework; name = GlyphsCore.framework; path = /Applications/Glyphs.app/Contents/Frameworks/GlyphsCore.framework; sourceTree = "<absolute>"; };
		E7CCE8481DC7424900C31BEF /* Info.plist */ = {isa = PBXFileReference; lastKnownFileType = text.plist.xml; path = Info.plist; sourceTree = "<group>"; };
		E7CCE84E1DC7430200C31BEF /* KCWindowController.xib */ = {isa = PBXFileReference; fileEncoding = 4; lastKnownFileType = file.xib; path = KCWindowController.xib; sourceTree = "<group>"; };
		E7CCE8501DC7432400C31BEF /* KCWindowController.h */ = {isa = PBXFileReference; fileEncoding = 4; lastKnownFileType = sourcecode.c.h; path = KCWindowController.h; sourceTree = "<group>"; };
		E7CCE8511DC7432400C31BEF /* KCWindowController.m */ = {isa = PBXFileReference; fileEncoding = 4; lastKnownFileType = sourcecode.c.objc; path = KCWindowController.m; sourceTree = "<group>"; };
		E7CCE8531DC7442700C31BEF /* KCKerningEntry.h */ = {isa = PBXFileReference; fileEncoding = 4; lastKnownFileType = sourcecode.c.h; path = KCKerningEntry.h; sourceTree = "<group>"; };
		E7CCE8541DC7442700C31BEF /* KCKerningEntry.m */ = {isa = PBXFileReference; fileEncoding = 4; lastKnownFileType = sourcecode.c.objc; path = KCKerningEntry.m; sourceTree = "<group>"; };
		E7CCE8551DC7442700C31BEF /* KCOutlineView.h */ = {isa = PBXFileReference; fileEncoding = 4; lastKnownFileType = sourcecode.c.h; path = KCOutlineView.h; sourceTree = "<group>"; };
		E7CCE8561DC7442700C31BEF /* KCOutlineView.m */ = {isa = PBXFileReference; fileEncoding = 4; lastKnownFileType = sourcecode.c.objc; path = KCOutlineView.m; sourceTree = "<group>"; };
		E7CCE85C1DC753EF00C31BEF /* KCKerningOutlineViewHandler.h */ = {isa = PBXFileReference; fileEncoding = 4; lastKnownFileType = sourcecode.c.h; path = KCKerningOutlineViewHandler.h; sourceTree = "<group>"; };
		E7CCE85D1DC753EF00C31BEF /* KCKerningOutlineViewHandler.m */ = {isa = PBXFileReference; fileEncoding = 4; lastKnownFileType = sourcecode.c.objc; path = KCKerningOutlineViewHandler.m; sourceTree = "<group>"; };
		E7CCE85F1DC759E600C31BEF /* KCKerningEntries.h */ = {isa = PBXFileReference; fileEncoding = 4; lastKnownFileType = sourcecode.c.h; path = KCKerningEntries.h; sourceTree = "<group>"; };
		E7CCE8601DC759E600C31BEF /* KCKerningEntries.m */ = {isa = PBXFileReference; fileEncoding = 4; lastKnownFileType = sourcecode.c.objc; path = KCKerningEntries.m; sourceTree = "<group>"; };
		E7D0D5121E27388C0074E78B /* KCUserDefinedColors.h */ = {isa = PBXFileReference; fileEncoding = 4; lastKnownFileType = sourcecode.c.h; path = KCUserDefinedColors.h; sourceTree = "<group>"; };
		E7D0D5131E27388C0074E78B /* KCUserDefinedColors.m */ = {isa = PBXFileReference; fileEncoding = 4; lastKnownFileType = sourcecode.c.objc; path = KCUserDefinedColors.m; sourceTree = "<group>"; };
		E7D0D5151E2748E60074E78B /* Colors.json */ = {isa = PBXFileReference; fileEncoding = 4; lastKnownFileType = text.json; path = Colors.json; sourceTree = "<group>"; };
/* End PBXFileReference section */

/* Begin PBXFrameworksBuildPhase section */
		E735E5EA2A170F2C007DBC3E /* Frameworks */ = {
			isa = PBXFrameworksBuildPhase;
			buildActionMask = 2147483647;
			files = (
				E735E5FF2A170FF5007DBC3E /* GlyphsCore.framework in Frameworks */,
				E735E5EB2A170F2C007DBC3E /* Cocoa.framework in Frameworks */,
			);
			runOnlyForDeploymentPostprocessing = 0;
		};
		E7CCE8351DC7424900C31BEF /* Frameworks */ = {
			isa = PBXFrameworksBuildPhase;
			buildActionMask = 2147483647;
			files = (
				E7CCE83C1DC7424900C31BEF /* Cocoa.framework in Frameworks */,
				E797BA011E0A603200AF08E1 /* GlyphsCore.framework in Frameworks */,
			);
			runOnlyForDeploymentPostprocessing = 0;
		};
/* End PBXFrameworksBuildPhase section */

/* Begin PBXGroup section */
		E797B9E21E0A126600AF08E1 /* RSJumpBar */ = {
			isa = PBXGroup;
			children = (
				E797B9E31E0A126600AF08E1 /* RSJumpBar.h */,
				E797B9E41E0A126600AF08E1 /* RSJumpBar.m */,
				E797B9E51E0A126600AF08E1 /* RSJumpBarButton.h */,
				E797B9E61E0A126600AF08E1 /* RSJumpBarButton.m */,
				E797B9E71E0A126600AF08E1 /* RSJumpBarChevron.png */,
				E797B9E81E0A126600AF08E1 /* RSJumpBarChevron@2x.png */,
				E797B9E91E0A126600AF08E1 /* RSJumpBarItem.h */,
				E797B9EA1E0A126600AF08E1 /* RSJumpBarItem.m */,
			);
			path = RSJumpBar;
			sourceTree = "<group>";
		};
		E7CCE82F1DC7424900C31BEF = {
			isa = PBXGroup;
			children = (
				E7CCE83D1DC7424900C31BEF /* KerningClasses */,
				E7CCE83A1DC7424900C31BEF /* Frameworks */,
				E7CCE8391DC7424900C31BEF /* Products */,
			);
			sourceTree = "<group>";
		};
		E7CCE8391DC7424900C31BEF /* Products */ = {
			isa = PBXGroup;
			children = (
				E7CCE8381DC7424900C31BEF /* KerningClasses.glyphsPlugin */,
				E735E5F92A170F2C007DBC3E /* KerningClasses.glyphsPlugin */,
			);
			name = Products;
			sourceTree = "<group>";
		};
		E7CCE83A1DC7424900C31BEF /* Frameworks */ = {
			isa = PBXGroup;
			children = (
				E7CCE83B1DC7424900C31BEF /* Cocoa.framework */,
			);
			name = Frameworks;
			sourceTree = "<group>";
		};
		E7CCE83D1DC7424900C31BEF /* KerningClasses */ = {
			isa = PBXGroup;
			children = (
				E797B9E21E0A126600AF08E1 /* RSJumpBar */,
				E7CCE8421DC7424900C31BEF /* KerningClassesPlugin.h */,
				E7CCE8431DC7424900C31BEF /* KerningClassesPlugin.m */,
				E7B895B51E0E5442009357CE /* KCKerningGroups.h */,
				E7B895B61E0E5442009357CE /* KCKerningGroups.mm */,
				E71887081DC8495500DFABA6 /* KCKerningPair.h */,
				E71887091DC8495500DFABA6 /* KCKerningPair.m */,
				E7CCE8531DC7442700C31BEF /* KCKerningEntry.h */,
				E7CCE8541DC7442700C31BEF /* KCKerningEntry.m */,
				E7CCE85F1DC759E600C31BEF /* KCKerningEntries.h */,
				E7CCE8601DC759E600C31BEF /* KCKerningEntries.m */,
				E7CCE8551DC7442700C31BEF /* KCOutlineView.h */,
				E7CCE8561DC7442700C31BEF /* KCOutlineView.m */,
				E797B9F01E0A23F100AF08E1 /* KCJumpBar.h */,
				E797B9F11E0A23F100AF08E1 /* KCJumpBar.m */,
				E756CAB91E0A84DF004460C5 /* KCFontMasterStore.h */,
				E797B9F41E0A251D00AF08E1 /* KCFontMasterStore.m */,
				E7CCE8501DC7432400C31BEF /* KCWindowController.h */,
				E7CCE8511DC7432400C31BEF /* KCWindowController.m */,
				E7CCE85C1DC753EF00C31BEF /* KCKerningOutlineViewHandler.h */,
				E7CCE85D1DC753EF00C31BEF /* KCKerningOutlineViewHandler.m */,
				E71886F21DC7661A00DFABA6 /* KCGlyphListOutlineViewHandler.h */,
				E71886F31DC7661A00DFABA6 /* KCGlyphListOutlineViewHandler.m */,
				E7D0D5121E27388C0074E78B /* KCUserDefinedColors.h */,
				E7D0D5131E27388C0074E78B /* KCUserDefinedColors.m */,
				E797B9F81E0A455900AF08E1 /* GSFontIcon.png */,
				E797B9F91E0A455900AF08E1 /* GSFontIcon@2x.png */,
				E797B9FD1E0A5B5F00AF08E1 /* GSFontMasterIcon.png */,
				E797B9FE1E0A5B5F00AF08E1 /* GSFontMasterIcon@2x.png */,
				E7CCE84E1DC7430200C31BEF /* KCWindowController.xib */,
				E7CCE8451DC7424900C31BEF /* Supporting Files */,
			);
			path = KerningClasses;
			sourceTree = "<group>";
		};
		E7CCE8451DC7424900C31BEF /* Supporting Files */ = {
			isa = PBXGroup;
			children = (
				E7D0D5151E2748E60074E78B /* Colors.json */,
				E7CCE8481DC7424900C31BEF /* Info.plist */,
				E735E5FE2A170FF4007DBC3E /* GlyphsCore.framework */,
				E7CCE8461DC7424900C31BEF /* GlyphsCore.framework */,
			);
			name = "Supporting Files";
			sourceTree = "<group>";
		};
/* End PBXGroup section */

/* Begin PBXNativeTarget section */
		E735E5D92A170F2C007DBC3E /* KerningClasses3 */ = {
			isa = PBXNativeTarget;
			buildConfigurationList = E735E5F62A170F2C007DBC3E /* Build configuration list for PBXNativeTarget "KerningClasses3" */;
			buildPhases = (
				E735E5DA2A170F2C007DBC3E /* Sources */,
				E735E5EA2A170F2C007DBC3E /* Frameworks */,
				E735E5ED2A170F2C007DBC3E /* Resources */,
			);
			buildRules = (
			);
			dependencies = (
			);
			name = KerningClasses3;
			productName = CSKerningClasses;
			productReference = E735E5F92A170F2C007DBC3E /* KerningClasses.glyphsPlugin */;
			productType = "com.apple.product-type.bundle";
		};
		E7CCE8371DC7424900C31BEF /* KerningClasses */ = {
			isa = PBXNativeTarget;
			buildConfigurationList = E7CCE84B1DC7424900C31BEF /* Build configuration list for PBXNativeTarget "KerningClasses" */;
			buildPhases = (
				E7CCE8341DC7424900C31BEF /* Sources */,
				E7CCE8351DC7424900C31BEF /* Frameworks */,
				E7CCE8361DC7424900C31BEF /* Resources */,
			);
			buildRules = (
			);
			dependencies = (
			);
			name = KerningClasses;
			productName = CSKerningClasses;
			productReference = E7CCE8381DC7424900C31BEF /* KerningClasses.glyphsPlugin */;
			productType = "com.apple.product-type.bundle";
		};
/* End PBXNativeTarget section */

/* Begin PBXProject section */
		E7CCE8301DC7424900C31BEF /* Project object */ = {
			isa = PBXProject;
			attributes = {
				CLASSPREFIX = "";
				LastUpgradeCheck = 1200;
				ORGANIZATIONNAME = "Morisawa Inc.";
				TargetAttributes = {
					E7CCE8371DC7424900C31BEF = {
						CreatedOnToolsVersion = 8.0;
						DevelopmentTeam = 662PVPVA3N;
						ProvisioningStyle = Automatic;
					};
				};
			};
			buildConfigurationList = E7CCE8331DC7424900C31BEF /* Build configuration list for PBXProject "KerningClasses" */;
			compatibilityVersion = "Xcode 3.2";
			developmentRegion = en;
			hasScannedForEncodings = 0;
			knownRegions = (
				en,
				Base,
			);
			mainGroup = E7CCE82F1DC7424900C31BEF;
			productRefGroup = E7CCE8391DC7424900C31BEF /* Products */;
			projectDirPath = "";
			projectRoot = "";
			targets = (
				E735E5D92A170F2C007DBC3E /* KerningClasses3 */,
				E7CCE8371DC7424900C31BEF /* KerningClasses */,
			);
		};
/* End PBXProject section */

/* Begin PBXResourcesBuildPhase section */
		E735E5ED2A170F2C007DBC3E /* Resources */ = {
			isa = PBXResourcesBuildPhase;
			buildActionMask = 2147483647;
			files = (
				E735E5EE2A170F2C007DBC3E /* RSJumpBarChevron@2x.png in Resources */,
				E735E5EF2A170F2C007DBC3E /* RSJumpBarChevron.png in Resources */,
				E735E5F02A170F2C007DBC3E /* GSFontMasterIcon@2x.png in Resources */,
				E735E5F12A170F2C007DBC3E /* GSFontIcon.png in Resources */,
				E735E5F22A170F2C007DBC3E /* GSFontMasterIcon.png in Resources */,
				E735E5F32A170F2C007DBC3E /* Colors.json in Resources */,
				E735E5F42A170F2C007DBC3E /* GSFontIcon@2x.png in Resources */,
				E735E5F52A170F2C007DBC3E /* KCWindowController.xib in Resources */,
			);
			runOnlyForDeploymentPostprocessing = 0;
		};
		E7CCE8361DC7424900C31BEF /* Resources */ = {
			isa = PBXResourcesBuildPhase;
			buildActionMask = 2147483647;
			files = (
				E797B9EE1E0A126600AF08E1 /* RSJumpBarChevron@2x.png in Resources */,
				E797B9ED1E0A126600AF08E1 /* RSJumpBarChevron.png in Resources */,
				E797BA001E0A5B5F00AF08E1 /* GSFontMasterIcon@2x.png in Resources */,
				E797B9FA1E0A455900AF08E1 /* GSFontIcon.png in Resources */,
				E797B9FF1E0A5B5F00AF08E1 /* GSFontMasterIcon.png in Resources */,
				E7D0D5161E2748E60074E78B /* Colors.json in Resources */,
				E797B9FB1E0A455900AF08E1 /* GSFontIcon@2x.png in Resources */,
				E7CCE84F1DC7430200C31BEF /* KCWindowController.xib in Resources */,
			);
			runOnlyForDeploymentPostprocessing = 0;
		};
/* End PBXResourcesBuildPhase section */

/* Begin PBXSourcesBuildPhase section */
		E735E5DA2A170F2C007DBC3E /* Sources */ = {
			isa = PBXSourcesBuildPhase;
			buildActionMask = 2147483647;
			files = (
				E735E5DB2A170F2C007DBC3E /* KCKerningOutlineViewHandler.m in Sources */,
				E735E5DC2A170F2C007DBC3E /* KCFontMasterStore.m in Sources */,
				E735E5DD2A170F2C007DBC3E /* KCKerningPair.m in Sources */,
				E735E5DE2A170F2C007DBC3E /* KerningClassesPlugin.m in Sources */,
				E735E5DF2A170F2C007DBC3E /* KCWindowController.m in Sources */,
				E735E5E02A170F2C007DBC3E /* KCKerningEntry.m in Sources */,
				E735E5E12A170F2C007DBC3E /* KCKerningEntries.m in Sources */,
				E735E5E22A170F2C007DBC3E /* RSJumpBarButton.m in Sources */,
				E735E5E32A170F2C007DBC3E /* RSJumpBarItem.m in Sources */,
				E735E5E42A170F2C007DBC3E /* KCGlyphListOutlineViewHandler.m in Sources */,
				E735E5E52A170F2C007DBC3E /* KCKerningGroups.mm in Sources */,
				E735E5E62A170F2C007DBC3E /* KCUserDefinedColors.m in Sources */,
				E735E5E72A170F2C007DBC3E /* KCJumpBar.m in Sources */,
				E735E5E82A170F2C007DBC3E /* KCOutlineView.m in Sources */,
				E735E5E92A170F2C007DBC3E /* RSJumpBar.m in Sources */,
			);
			runOnlyForDeploymentPostprocessing = 0;
		};
		E7CCE8341DC7424900C31BEF /* Sources */ = {
			isa = PBXSourcesBuildPhase;
			buildActionMask = 2147483647;
			files = (
				E7CCE85E1DC753EF00C31BEF /* KCKerningOutlineViewHandler.m in Sources */,
				E797B9F51E0A251D00AF08E1 /* KCFontMasterStore.m in Sources */,
				E718870A1DC8495500DFABA6 /* KCKerningPair.m in Sources */,
				E7CCE8441DC7424900C31BEF /* KerningClassesPlugin.m in Sources */,
				E7CCE8521DC7432400C31BEF /* KCWindowController.m in Sources */,
				E7CCE8571DC7442700C31BEF /* KCKerningEntry.m in Sources */,
				E7CCE8611DC759E600C31BEF /* KCKerningEntries.m in Sources */,
				E797B9EC1E0A126600AF08E1 /* RSJumpBarButton.m in Sources */,
				E797B9EF1E0A126600AF08E1 /* RSJumpBarItem.m in Sources */,
				E71886F41DC7661A00DFABA6 /* KCGlyphListOutlineViewHandler.m in Sources */,
				E7B895B71E0E5442009357CE /* KCKerningGroups.mm in Sources */,
				E7D0D5141E27388C0074E78B /* KCUserDefinedColors.m in Sources */,
				E797B9F21E0A23F100AF08E1 /* KCJumpBar.m in Sources */,
				E7CCE8581DC7442700C31BEF /* KCOutlineView.m in Sources */,
				E797B9EB1E0A126600AF08E1 /* RSJumpBar.m in Sources */,
			);
			runOnlyForDeploymentPostprocessing = 0;
		};
/* End PBXSourcesBuildPhase section */

/* Begin XCBuildConfiguration section */
		E735E5F72A170F2C007DBC3E /* Debug */ = {
			isa = XCBuildConfiguration;
			buildSettings = {
				COMBINE_HIDPI_IMAGES = YES;
				CONFIGURATION_BUILD_DIR = "$(HOME)/Library/Application Support/Glyphs 3/Plugins";
				DEPLOYMENT_LOCATION = YES;
				DSTROOT = "$(HOME)/Library/Application Support/Glyphs 3/Plugins";
				FRAMEWORK_SEARCH_PATHS = "\"$(SYSTEM_APPS_DIR)/Glyphs 3.app/Contents/Frameworks\"";
				INFOPLIST_FILE = "$(PROJECT_NAME)/Info.plist";
				INSTALL_PATH = /;
				MACOSX_DEPLOYMENT_TARGET = 10.9;
				PRODUCT_BUNDLE_IDENTIFIER = "jp.co.morisawa.$(PROJECT_NAME)";
				PRODUCT_NAME = "$(PROJECT_NAME)";
				SKIP_INSTALL = YES;
				WRAPPER_EXTENSION = glyphsPlugin;
			};
			name = Debug;
		};
		E735E5F82A170F2C007DBC3E /* Release */ = {
			isa = XCBuildConfiguration;
			buildSettings = {
				COMBINE_HIDPI_IMAGES = YES;
				FRAMEWORK_SEARCH_PATHS = "\"$(SYSTEM_APPS_DIR)/Glyphs 3.app/Contents/Frameworks\"";
				INFOPLIST_FILE = "$(PROJECT_NAME)/Info.plist";
				INSTALL_PATH = /;
				MACOSX_DEPLOYMENT_TARGET = 10.9;
				PRODUCT_BUNDLE_IDENTIFIER = "jp.co.morisawa.$(PROJECT_NAME)";
				PRODUCT_NAME = "$(PROJECT_NAME)";
				SKIP_INSTALL = NO;
				WRAPPER_EXTENSION = glyphsPlugin;
			};
			name = Release;
		};
		E7CCE8491DC7424900C31BEF /* Debug */ = {
			isa = XCBuildConfiguration;
			buildSettings = {
				ALWAYS_SEARCH_USER_PATHS = NO;
				CLANG_ANALYZER_LOCALIZABILITY_NONLOCALIZED = YES;
				CLANG_ANALYZER_NONNULL = YES;
				CLANG_CXX_LANGUAGE_STANDARD = "gnu++0x";
				CLANG_CXX_LIBRARY = "libc++";
				CLANG_ENABLE_MODULES = YES;
				CLANG_ENABLE_OBJC_ARC = YES;
				CLANG_WARN_BLOCK_CAPTURE_AUTORELEASING = YES;
				CLANG_WARN_BOOL_CONVERSION = YES;
				CLANG_WARN_COMMA = YES;
				CLANG_WARN_CONSTANT_CONVERSION = YES;
				CLANG_WARN_DEPRECATED_OBJC_IMPLEMENTATIONS = YES;
				CLANG_WARN_DIRECT_OBJC_ISA_USAGE = YES_ERROR;
				CLANG_WARN_DOCUMENTATION_COMMENTS = YES;
				CLANG_WARN_EMPTY_BODY = YES;
				CLANG_WARN_ENUM_CONVERSION = YES;
				CLANG_WARN_INFINITE_RECURSION = YES;
				CLANG_WARN_INT_CONVERSION = YES;
				CLANG_WARN_NON_LITERAL_NULL_CONVERSION = YES;
				CLANG_WARN_OBJC_IMPLICIT_RETAIN_SELF = YES;
				CLANG_WARN_OBJC_LITERAL_CONVERSION = YES;
				CLANG_WARN_OBJC_ROOT_CLASS = YES_ERROR;
				CLANG_WARN_QUOTED_INCLUDE_IN_FRAMEWORK_HEADER = YES;
				CLANG_WARN_RANGE_LOOP_ANALYSIS = YES;
				CLANG_WARN_STRICT_PROTOTYPES = YES;
				CLANG_WARN_SUSPICIOUS_MOVE = YES;
				CLANG_WARN_SUSPICIOUS_MOVES = YES;
				CLANG_WARN_UNREACHABLE_CODE = YES;
				CLANG_WARN__DUPLICATE_METHOD_MATCH = YES;
				COPY_PHASE_STRIP = NO;
				DEBUG_INFORMATION_FORMAT = dwarf;
				ENABLE_STRICT_OBJC_MSGSEND = YES;
				ENABLE_TESTABILITY = YES;
				GCC_C_LANGUAGE_STANDARD = gnu99;
				GCC_DYNAMIC_NO_PIC = NO;
				GCC_NO_COMMON_BLOCKS = YES;
				GCC_OPTIMIZATION_LEVEL = 0;
				GCC_PREPROCESSOR_DEFINITIONS = (
					"DEBUG=1",
					"$(inherited)",
				);
				GCC_WARN_64_TO_32_BIT_CONVERSION = YES;
				GCC_WARN_ABOUT_RETURN_TYPE = YES_ERROR;
				GCC_WARN_UNDECLARED_SELECTOR = YES;
				GCC_WARN_UNINITIALIZED_AUTOS = YES_AGGRESSIVE;
				GCC_WARN_UNUSED_FUNCTION = YES;
				GCC_WARN_UNUSED_VARIABLE = YES;
				MTL_ENABLE_DEBUG_INFO = YES;
				ONLY_ACTIVE_ARCH = YES;
			};
			name = Debug;
		};
		E7CCE84A1DC7424900C31BEF /* Release */ = {
			isa = XCBuildConfiguration;
			buildSettings = {
				ALWAYS_SEARCH_USER_PATHS = NO;
				CLANG_ANALYZER_LOCALIZABILITY_NONLOCALIZED = YES;
				CLANG_ANALYZER_NONNULL = YES;
				CLANG_CXX_LANGUAGE_STANDARD = "gnu++0x";
				CLANG_CXX_LIBRARY = "libc++";
				CLANG_ENABLE_MODULES = YES;
				CLANG_ENABLE_OBJC_ARC = YES;
				CLANG_WARN_BLOCK_CAPTURE_AUTORELEASING = YES;
				CLANG_WARN_BOOL_CONVERSION = YES;
				CLANG_WARN_COMMA = YES;
				CLANG_WARN_CONSTANT_CONVERSION = YES;
				CLANG_WARN_DEPRECATED_OBJC_IMPLEMENTATIONS = YES;
				CLANG_WARN_DIRECT_OBJC_ISA_USAGE = YES_ERROR;
				CLANG_WARN_DOCUMENTATION_COMMENTS = YES;
				CLANG_WARN_EMPTY_BODY = YES;
				CLANG_WARN_ENUM_CONVERSION = YES;
				CLANG_WARN_INFINITE_RECURSION = YES;
				CLANG_WARN_INT_CONVERSION = YES;
				CLANG_WARN_NON_LITERAL_NULL_CONVERSION = YES;
				CLANG_WARN_OBJC_IMPLICIT_RETAIN_SELF = YES;
				CLANG_WARN_OBJC_LITERAL_CONVERSION = YES;
				CLANG_WARN_OBJC_ROOT_CLASS = YES_ERROR;
				CLANG_WARN_QUOTED_INCLUDE_IN_FRAMEWORK_HEADER = YES;
				CLANG_WARN_RANGE_LOOP_ANALYSIS = YES;
				CLANG_WARN_STRICT_PROTOTYPES = YES;
				CLANG_WARN_SUSPICIOUS_MOVE = YES;
				CLANG_WARN_SUSPICIOUS_MOVES = YES;
				CLANG_WARN_UNREACHABLE_CODE = YES;
				CLANG_WARN__DUPLICATE_METHOD_MATCH = YES;
				COPY_PHASE_STRIP = NO;
				DEBUG_INFORMATION_FORMAT = "dwarf-with-dsym";
				ENABLE_NS_ASSERTIONS = NO;
				ENABLE_STRICT_OBJC_MSGSEND = YES;
				GCC_C_LANGUAGE_STANDARD = gnu99;
				GCC_NO_COMMON_BLOCKS = YES;
				GCC_WARN_64_TO_32_BIT_CONVERSION = YES;
				GCC_WARN_ABOUT_RETURN_TYPE = YES_ERROR;
				GCC_WARN_UNDECLARED_SELECTOR = YES;
				GCC_WARN_UNINITIALIZED_AUTOS = YES_AGGRESSIVE;
				GCC_WARN_UNUSED_FUNCTION = YES;
				GCC_WARN_UNUSED_VARIABLE = YES;
				MTL_ENABLE_DEBUG_INFO = NO;
			};
			name = Release;
		};
		E7CCE84C1DC7424900C31BEF /* Debug */ = {
			isa = XCBuildConfiguration;
			buildSettings = {
				ARCHS = x86_64;
				COMBINE_HIDPI_IMAGES = YES;
				CONFIGURATION_BUILD_DIR = "$(HOME)/Library/Application Support/Glyphs/Plugins";
				DEPLOYMENT_LOCATION = YES;
				DSTROOT = "$(HOME)/Library/Application Support/Glyphs/Plugins";
				FRAMEWORK_SEARCH_PATHS = "\"$(SYSTEM_APPS_DIR)/Glyphs.app/Contents/Frameworks\"";
				INFOPLIST_FILE = "$(PROJECT_NAME)/Info.plist";
				INSTALL_PATH = /;
				MACOSX_DEPLOYMENT_TARGET = 10.9;
				PRODUCT_BUNDLE_IDENTIFIER = "jp.co.morisawa.$(PROJECT_NAME)";
				PRODUCT_NAME = "$(PROJECT_NAME)";
				SKIP_INSTALL = YES;
				WRAPPER_EXTENSION = glyphsPlugin;
			};
			name = Debug;
		};
		E7CCE84D1DC7424900C31BEF /* Release */ = {
			isa = XCBuildConfiguration;
			buildSettings = {
				ARCHS = x86_64;
				COMBINE_HIDPI_IMAGES = YES;
				FRAMEWORK_SEARCH_PATHS = "\"$(SYSTEM_APPS_DIR)/Glyphs.app/Contents/Frameworks\"";
				INFOPLIST_FILE = "$(PROJECT_NAME)/Info.plist";
				INSTALL_PATH = /;
				MACOSX_DEPLOYMENT_TARGET = 10.9;
				PRODUCT_BUNDLE_IDENTIFIER = "jp.co.morisawa.$(PROJECT_NAME)";
				PRODUCT_NAME = "$(PROJECT_NAME)";
				SKIP_INSTALL = NO;
				WRAPPER_EXTENSION = glyphsPlugin;
			};
			name = Release;
		};
/* End XCBuildConfiguration section */

/* Begin XCConfigurationList section */
		E735E5F62A170F2C007DBC3E /* Build configuration list for PBXNativeTarget "KerningClasses3" */ = {
			isa = XCConfigurationList;
			buildConfigurations = (
				E735E5F72A170F2C007DBC3E /* Debug */,
				E735E5F82A170F2C007DBC3E /* Release */,
			);
			defaultConfigurationIsVisible = 0;
			defaultConfigurationName = Release;
		};
		E7CCE8331DC7424900C31BEF /* Build configuration list for PBXProject "KerningClasses" */ = {
			isa = XCConfigurationList;
			buildConfigurations = (
				E7CCE8491DC7424900C31BEF /* Debug */,
				E7CCE84A1DC7424900C31BEF /* Release */,
			);
			defaultConfigurationIsVisible = 0;
			defaultConfigurationName = Release;
		};
		E7CCE84B1DC7424900C31BEF /* Build configuration list for PBXNativeTarget "KerningClasses" */ = {
			isa = XCConfigurationList;
			buildConfigurations = (
				E7CCE84C1DC7424900C31BEF /* Debug */,
				E7CCE84D1DC7424900C31BEF /* Release */,
			);
			defaultConfigurationIsVisible = 0;
			defaultConfigurationName = Release;
		};
/* End XCConfigurationList section */
	};
	rootObject = E7CCE8301DC7424900C31BEF /* Project object */;
}
